
Microsoft Visual Studio Solution File, Format Version 12.00
# Visual Studio Version 17
VisualStudioVersion = 17.1.32228.430
MinimumVisualStudioVersion = 10.0.40219.1
Project("{FAE04EC0-301F-11D3-BF4B-00C04F79EFBC}") = "Day8-Homework-02", "Day8-Homework-02\Day8-Homework-02.csproj", "{4205CFF3-2A45-4507-B550-71F63657B1F9}"
EndProject
Global
	GlobalSection(SolutionConfigurationPlatforms) = preSolution
		Debug|Any CPU = Debug|Any CPU
		Release|Any CPU = Release|Any CPU
	EndGlobalSection
	GlobalSection(ProjectConfigurationPlatforms) = postSolution
		{4205CFF3-2A45-4507-B550-71F63657B1F9}.Debug|Any CPU.ActiveCfg = Debug|Any CPU
		{4205CFF3-2A45-4507-B550-71F63657B1F9}.Debug|Any CPU.Build.0 = Debug|Any CPU
		{4205CFF3-2A45-4507-B550-71F63657B1F9}.Release|Any CPU.ActiveCfg = Release|Any CPU
		{4205CFF3-2A45-4507-B550-71F63657B1F9}.Release|Any CPU.Build.0 = Release|Any CPU
	EndGlobalSection
	GlobalSection(SolutionProperties) = preSolution
		HideSolutionNode = FALSE
	EndGlobalSection
	GlobalSection(ExtensibilityGlobals) = postSolution
		SolutionGuid = {024440E1-5E62-4B4A-B13C-1ECD6A7CCA35}
	EndGlobalSection
EndGlobal
